
Microsoft Visual Studio Solution File, Format Version 12.00
# Visual Studio Version 16
VisualStudioVersion = 16.0.31112.23
MinimumVisualStudioVersion = 10.0.40219.1
Project("{FAE04EC0-301F-11D3-BF4B-00C04F79EFBC}") = "Project58936", "Project58936\Project58936.csproj", "{F153E63A-BEC2-4E60-8889-57500814910B}"
EndProject
Global
	GlobalSection(SolutionConfigurationPlatforms) = preSolution
		Debug|Any CPU = Debug|Any CPU
		Release|Any CPU = Release|Any CPU
	EndGlobalSection
	GlobalSection(ProjectConfigurationPlatforms) = postSolution
		{F153E63A-BEC2-4E60-8889-57500814910B}.Debug|Any CPU.ActiveCfg = Debug|Any CPU
		{F153E63A-BEC2-4E60-8889-57500814910B}.Debug|Any CPU.Build.0 = Debug|Any CPU
		{F153E63A-BEC2-4E60-8889-57500814910B}.Release|Any CPU.ActiveCfg = Release|Any CPU
		{F153E63A-BEC2-4E60-8889-57500814910B}.Release|Any CPU.Build.0 = Release|Any CPU
	EndGlobalSection
	GlobalSection(SolutionProperties) = preSolution
		HideSolutionNode = FALSE
	EndGlobalSection
	GlobalSection(ExtensibilityGlobals) = postSolution
		SolutionGuid = {602FDC00-F08D-43BC-B953-965F5DB26FC6}
	EndGlobalSection
EndGlobal
